
Microsoft Visual Studio Solution File, Format Version 12.00
# Visual Studio Version 16
VisualStudioVersion = 16.0.32002.261
MinimumVisualStudioVersion = 10.0.40219.1
Project("{FAE04EC0-301F-11D3-BF4B-00C04F79EFBC}") = "EstudosSOLID", "EstudosSOLID\EstudosSOLID.csproj", "{AABC2FFD-E4EB-4F96-9BB9-BD01C9CB0ED9}"
EndProject
Global
	GlobalSection(SolutionConfigurationPlatforms) = preSolution
		Debug|Any CPU = Debug|Any CPU
		Release|Any CPU = Release|Any CPU
	EndGlobalSection
	GlobalSection(ProjectConfigurationPlatforms) = postSolution
		{AABC2FFD-E4EB-4F96-9BB9-BD01C9CB0ED9}.Debug|Any CPU.ActiveCfg = Debug|Any CPU
		{AABC2FFD-E4EB-4F96-9BB9-BD01C9CB0ED9}.Debug|Any CPU.Build.0 = Debug|Any CPU
		{AABC2FFD-E4EB-4F96-9BB9-BD01C9CB0ED9}.Release|Any CPU.ActiveCfg = Release|Any CPU
		{AABC2FFD-E4EB-4F96-9BB9-BD01C9CB0ED9}.Release|Any CPU.Build.0 = Release|Any CPU
	EndGlobalSection
	GlobalSection(SolutionProperties) = preSolution
		HideSolutionNode = FALSE
	EndGlobalSection
	GlobalSection(ExtensibilityGlobals) = postSolution
		SolutionGuid = {1640C7EC-B4D1-4C1A-BB1D-C7A9299BB1B5}
	EndGlobalSection
EndGlobal
